
Microsoft Visual Studio Solution File, Format Version 12.00
# Visual Studio Version 17
VisualStudioVersion = 17.14.36616.10 d17.14
MinimumVisualStudioVersion = 10.0.40219.1
Project("{FAE04EC0-301F-11D3-BF4B-00C04F79EFBC}") = "BadMagic100.EmptyRoslyn", "BadMagic100.EmptyRoslyn.csproj", "{4A5F2433-0CFD-598B-CC78-D0AAE3A11B77}"
EndProject
Global
	GlobalSection(SolutionConfigurationPlatforms) = preSolution
		Debug|Any CPU = Debug|Any CPU
		Release|Any CPU = Release|Any CPU
	EndGlobalSection
	GlobalSection(ProjectConfigurationPlatforms) = postSolution
		{4A5F2433-0CFD-598B-CC78-D0AAE3A11B77}.Debug|Any CPU.ActiveCfg = Debug|Any CPU
		{4A5F2433-0CFD-598B-CC78-D0AAE3A11B77}.Debug|Any CPU.Build.0 = Debug|Any CPU
		{4A5F2433-0CFD-598B-CC78-D0AAE3A11B77}.Release|Any CPU.ActiveCfg = Release|Any CPU
		{4A5F2433-0CFD-598B-CC78-D0AAE3A11B77}.Release|Any CPU.Build.0 = Release|Any CPU
	EndGlobalSection
	GlobalSection(SolutionProperties) = preSolution
		HideSolutionNode = FALSE
	EndGlobalSection
	GlobalSection(ExtensibilityGlobals) = postSolution
		SolutionGuid = {3AB05D5E-FEC9-4F5C-B3A6-0E754E5C3759}
	EndGlobalSection
EndGlobal
